version = 1
revision = 2
requires-python = ">=3.12"

[[package]]
name = "annotated-types"
version = "0.7.0"
source = { registry = "https://pypi.org/simple" }
sdist = { url = "https://files.pythonhosted.org/packages/ee/67/531ea369ba64dcff5ec9c3402f9f51bf748cec26dde048a2f973a4eea7f5/annotated_types-0.7.0.tar.gz", hash = "sha256:aff07c09a53a08bc8cfccb9c85b05f1aa9a2a6f23728d790723543408344ce89", size = 16081, upload-time = "2024-05-20T21:33:25.928Z" }
wheels = [
    { url = "https://files.pythonhosted.org/packages/78/b6/6307fbef88d9b5ee7421e68d78a9f162e0da4900bc5f5793f6d3d0e34fb8/annotated_types-0.7.0-py3-none-any.whl", hash = "sha256:1f02e8b43a8fbbc3f3e0d4f0f4bfc8131bcb4eebe8849b8e5c773f3a1c582a53", size = 13643, upload-time = "2024-05-20T21:33:24.1Z" },
]

[[package]]
name = "beautifulsoup4"
version = "4.8.0"
source = { registry = "https://pypi.org/simple" }
dependencies = [
    { name = "soupsieve" },
]
sdist = { url = "https://files.pythonhosted.org/packages/23/7b/37a477bc668068c23cb83e84191ee03709f1fa24d957b7d95083f10dda14/beautifulsoup4-4.8.0.tar.gz", hash = "sha256:25288c9e176f354bf277c0a10aa96c782a6a18a17122dba2e8cec4a97e03343b", size = 170919, upload-time = "2019-07-20T11:31:26.663Z" }
wheels = [
    { url = "https://files.pythonhosted.org/packages/1a/b7/34eec2fe5a49718944e215fde81288eec1fa04638aa3fb57c1c6cd0f98c3/beautifulsoup4-4.8.0-py3-none-any.whl", hash = "sha256:f040590be10520f2ea4c2ae8c3dae441c7cfff5308ec9d58a0ec0c1b8f81d469", size = 97546, upload-time = "2019-07-20T11:31:24.856Z" },
]

[[package]]
name = "colorama"
version = "0.4.6"
source = { registry = "https://pypi.org/simple" }
sdist = { url = "https://files.pythonhosted.org/packages/d8/53/6f443c9a4a8358a93a6792e2acffb9d9d5cb0a5cfd8802644b7b1c9a02e4/colorama-0.4.6.tar.gz", hash = "sha256:08695f5cb7ed6e0531a20572697297273c47b8cae5a63ffc6d6ed5c201be6e44", size = 27697, upload-time = "2022-10-25T02:36:22.414Z" }
wheels = [
    { url = "https://files.pythonhosted.org/packages/d1/d6/3965ed04c63042e047cb6a3e6ed1a63a35087b6a609aa3a15ed8ac56c221/colorama-0.4.6-py2.py3-none-any.whl", hash = "sha256:4f1d9991f5acc0ca119f9d443620b77f9d6b33703e51011c16baf57afb285fc6", size = 25335, upload-time = "2022-10-25T02:36:20.889Z" },
]

[[package]]
name = "decorator"
version = "5.2.1"
source = { registry = "https://pypi.org/simple" }
sdist = { url = "https://files.pythonhosted.org/packages/43/fa/6d96a0978d19e17b68d634497769987b16c8f4cd0a7a05048bec693caa6b/decorator-5.2.1.tar.gz", hash = "sha256:65f266143752f734b0a7cc83c46f4618af75b8c5911b00ccb61d0ac9b6da0360", size = 56711, upload-time = "2025-02-24T04:41:34.073Z" }
wheels = [
    { url = "https://files.pythonhosted.org/packages/4e/8c/f3147f5c4b73e7550fe5f9352eaa956ae838d5c51eb58e7a25b9f3e2643b/decorator-5.2.1-py3-none-any.whl", hash = "sha256:d316bb415a2d9e2d2b3abcc4084c6502fc09240e292cd76a76afc106a1c8e04a", size = 9190, upload-time = "2025-02-24T04:41:32.565Z" },
]

[[package]]
name = "energyplus-agent"
version = "0.1.0"
source = { virtual = "." }
dependencies = [
    { name = "eppy" },
    { name = "loguru" },
    { name = "pydantic" },
    { name = "pyyaml" },
]

[package.metadata]
requires-dist = [
    { name = "eppy", specifier = ">=0.5.63" },
    { name = "loguru", specifier = ">=0.7.3" },
    { name = "pydantic", specifier = ">=2.11.7" },
    { name = "pyyaml", specifier = ">=6.0.2" },
]

[[package]]
name = "eppy"
version = "0.5.63"
source = { registry = "https://pypi.org/simple" }
dependencies = [
    { name = "beautifulsoup4" },
    { name = "decorator" },
    { name = "future" },
    { name = "lxml" },
    { name = "munch" },
    { name = "pydot3k" },
    { name = "pyparsing" },
    { name = "six" },
    { name = "tinynumpy" },
]
sdist = { url = "https://files.pythonhosted.org/packages/db/1f/94778fa817b016da933485c35bcd401b5766f0e3703b47e225667c411146/eppy-0.5.63.tar.gz", hash = "sha256:40277bf4b3e0978311009d47fcb2ff0faf1a24694ed0640c4d5718a787d26c04", size = 3751228, upload-time = "2022-12-01T05:02:09.817Z" }
wheels = [
    { url = "https://files.pythonhosted.org/packages/45/d3/949aaad51ff78e5c595e7cef777a3b92e825fa92a64a103216a9718b2ed4/eppy-0.5.63-py2.py3-none-any.whl", hash = "sha256:efe79222c5d46daa1f7ffc3e0c3d4d5a1e7cb24aad0568bdb5cf8f89da8a95cf", size = 869730, upload-time = "2022-12-01T05:02:07.292Z" },
]

[[package]]
name = "future"
version = "1.0.0"
source = { registry = "https://pypi.org/simple" }
sdist = { url = "https://files.pythonhosted.org/packages/a7/b2/4140c69c6a66432916b26158687e821ba631a4c9273c474343badf84d3ba/future-1.0.0.tar.gz", hash = "sha256:bd2968309307861edae1458a4f8a4f3598c03be43b97521076aebf5d94c07b05", size = 1228490, upload-time = "2024-02-21T11:52:38.461Z" }
wheels = [
    { url = "https://files.pythonhosted.org/packages/da/71/ae30dadffc90b9006d77af76b393cb9dfbfc9629f339fc1574a1c52e6806/future-1.0.0-py3-none-any.whl", hash = "sha256:929292d34f5872e70396626ef385ec22355a1fae8ad29e1a734c3e43f9fbc216", size = 491326, upload-time = "2024-02-21T11:52:35.956Z" },
]

[[package]]
name = "loguru"
version = "0.7.3"
source = { registry = "https://pypi.org/simple" }
dependencies = [
    { name = "colorama", marker = "sys_platform == 'win32'" },
    { name = "win32-setctime", marker = "sys_platform == 'win32'" },
]
sdist = { url = "https://files.pythonhosted.org/packages/3a/05/a1dae3dffd1116099471c643b8924f5aa6524411dc6c63fdae648c4f1aca/loguru-0.7.3.tar.gz", hash = "sha256:19480589e77d47b8d85b2c827ad95d49bf31b0dcde16593892eb51dd18706eb6", size = 63559, upload-time = "2024-12-06T11:20:56.608Z" }
wheels = [
    { url = "https://files.pythonhosted.org/packages/0c/29/0348de65b8cc732daa3e33e67806420b2ae89bdce2b04af740289c5c6c8c/loguru-0.7.3-py3-none-any.whl", hash = "sha256:31a33c10c8e1e10422bfd431aeb5d351c7cf7fa671e3c4df004162264b28220c", size = 61595, upload-time = "2024-12-06T11:20:54.538Z" },
]

[[package]]
name = "lxml"
version = "6.0.1"
source = { registry = "https://pypi.org/simple" }
sdist = { url = "https://files.pythonhosted.org/packages/8f/bd/f9d01fd4132d81c6f43ab01983caea69ec9614b913c290a26738431a015d/lxml-6.0.1.tar.gz", hash = "sha256:2b3a882ebf27dd026df3801a87cf49ff791336e0f94b0fad195db77e01240690", size = 4070214, upload-time = "2025-08-22T10:37:53.525Z" }
wheels = [
    { url = "https://files.pythonhosted.org/packages/b0/a9/82b244c8198fcdf709532e39a1751943a36b3e800b420adc739d751e0299/lxml-6.0.1-cp312-cp312-macosx_10_13_universal2.whl", hash = "sha256:c03ac546adaabbe0b8e4a15d9ad815a281afc8d36249c246aecf1aaad7d6f200", size = 8422788, upload-time = "2025-08-22T10:32:56.612Z" },
    { url = "https://files.pythonhosted.org/packages/c9/8d/1ed2bc20281b0e7ed3e6c12b0a16e64ae2065d99be075be119ba88486e6d/lxml-6.0.1-cp312-cp312-macosx_10_13_x86_64.whl", hash = "sha256:33b862c7e3bbeb4ba2c96f3a039f925c640eeba9087a4dc7a572ec0f19d89392", size = 4593547, upload-time = "2025-08-22T10:32:59.016Z" },
    { url = "https://files.pythonhosted.org/packages/76/53/d7fd3af95b72a3493bf7fbe842a01e339d8f41567805cecfecd5c71aa5ee/lxml-6.0.1-cp312-cp312-manylinux2014_aarch64.manylinux_2_17_aarch64.whl", hash = "sha256:7a3ec1373f7d3f519de595032d4dcafae396c29407cfd5073f42d267ba32440d", size = 4948101, upload-time = "2025-08-22T10:33:00.765Z" },
    { url = "https://files.pythonhosted.org/packages/9d/51/4e57cba4d55273c400fb63aefa2f0d08d15eac021432571a7eeefee67bed/lxml-6.0.1-cp312-cp312-manylinux2014_x86_64.manylinux_2_17_x86_64.whl", hash = "sha256:03b12214fb1608f4cffa181ec3d046c72f7e77c345d06222144744c122ded870", size = 5108090, upload-time = "2025-08-22T10:33:03.108Z" },
    { url = "https://files.pythonhosted.org/packages/f6/6e/5f290bc26fcc642bc32942e903e833472271614e24d64ad28aaec09d5dae/lxml-6.0.1-cp312-cp312-manylinux_2_26_aarch64.manylinux_2_28_aarch64.whl", hash = "sha256:207ae0d5f0f03b30f95e649a6fa22aa73f5825667fee9c7ec6854d30e19f2ed8", size = 5021791, upload-time = "2025-08-22T10:33:06.972Z" },
    { url = "https://files.pythonhosted.org/packages/13/d4/2e7551a86992ece4f9a0f6eebd4fb7e312d30f1e372760e2109e721d4ce6/lxml-6.0.1-cp312-cp312-manylinux_2_26_i686.manylinux_2_28_i686.whl", hash = "sha256:32297b09ed4b17f7b3f448de87a92fb31bb8747496623483788e9f27c98c0f00", size = 5358861, upload-time = "2025-08-22T10:33:08.967Z" },
    { url = "https://files.pythonhosted.org/packages/8a/5f/cb49d727fc388bf5fd37247209bab0da11697ddc5e976ccac4826599939e/lxml-6.0.1-cp312-cp312-manylinux_2_26_ppc64le.manylinux_2_28_ppc64le.whl", hash = "sha256:7e18224ea241b657a157c85e9cac82c2b113ec90876e01e1f127312006233756", size = 5652569, upload-time = "2025-08-22T10:33:10.815Z" },
    { url = "https://files.pythonhosted.org/packages/ca/b8/66c1ef8c87ad0f958b0a23998851e610607c74849e75e83955d5641272e6/lxml-6.0.1-cp312-cp312-manylinux_2_26_x86_64.manylinux_2_28_x86_64.whl", hash = "sha256:a07a994d3c46cd4020c1ea566345cf6815af205b1e948213a4f0f1d392182072", size = 5252262, upload-time = "2025-08-22T10:33:12.673Z" },
    { url = "https://files.pythonhosted.org/packages/1a/ef/131d3d6b9590e64fdbb932fbc576b81fcc686289da19c7cb796257310e82/lxml-6.0.1-cp312-cp312-manylinux_2_31_armv7l.whl", hash = "sha256:2287fadaa12418a813b05095485c286c47ea58155930cfbd98c590d25770e225", size = 4710309, upload-time = "2025-08-22T10:33:14.952Z" },
    { url = "https://files.pythonhosted.org/packages/bc/3f/07f48ae422dce44902309aa7ed386c35310929dc592439c403ec16ef9137/lxml-6.0.1-cp312-cp312-manylinux_2_38_riscv64.manylinux_2_39_riscv64.whl", hash = "sha256:b4e597efca032ed99f418bd21314745522ab9fa95af33370dcee5533f7f70136", size = 5265786, upload-time = "2025-08-22T10:33:16.721Z" },
    { url = "https://files.pythonhosted.org/packages/11/c7/125315d7b14ab20d9155e8316f7d287a4956098f787c22d47560b74886c4/lxml-6.0.1-cp312-cp312-musllinux_1_2_aarch64.whl", hash = "sha256:9696d491f156226decdd95d9651c6786d43701e49f32bf23715c975539aa2b3b", size = 5062272, upload-time = "2025-08-22T10:33:18.478Z" },
    { url = "https://files.pythonhosted.org/packages/8b/c3/51143c3a5fc5168a7c3ee626418468ff20d30f5a59597e7b156c1e61fba8/lxml-6.0.1-cp312-cp312-musllinux_1_2_armv7l.whl", hash = "sha256:e4e3cd3585f3c6f87cdea44cda68e692cc42a012f0131d25957ba4ce755241a7", size = 4786955, upload-time = "2025-08-22T10:33:20.34Z" },
    { url = "https://files.pythonhosted.org/packages/11/86/73102370a420ec4529647b31c4a8ce8c740c77af3a5fae7a7643212d6f6e/lxml-6.0.1-cp312-cp312-musllinux_1_2_ppc64le.whl", hash = "sha256:45cbc92f9d22c28cd3b97f8d07fcefa42e569fbd587dfdac76852b16a4924277", size = 5673557, upload-time = "2025-08-22T10:33:22.282Z" },
    { url = "https://files.pythonhosted.org/packages/d7/2d/aad90afaec51029aef26ef773b8fd74a9e8706e5e2f46a57acd11a421c02/lxml-6.0.1-cp312-cp312-musllinux_1_2_riscv64.whl", hash = "sha256:f8c9bcfd2e12299a442fba94459adf0b0d001dbc68f1594439bfa10ad1ecb74b", size = 5254211, upload-time = "2025-08-22T10:33:24.15Z" },
    { url = "https://files.pythonhosted.org/packages/63/01/c9e42c8c2d8b41f4bdefa42ab05448852e439045f112903dd901b8fbea4d/lxml-6.0.1-cp312-cp312-musllinux_1_2_x86_64.whl", hash = "sha256:1e9dc2b9f1586e7cd77753eae81f8d76220eed9b768f337dc83a3f675f2f0cf9", size = 5275817, upload-time = "2025-08-22T10:33:26.007Z" },
    { url = "https://files.pythonhosted.org/packages/bc/1f/962ea2696759abe331c3b0e838bb17e92224f39c638c2068bf0d8345e913/lxml-6.0.1-cp312-cp312-win32.whl", hash = "sha256:987ad5c3941c64031f59c226167f55a04d1272e76b241bfafc968bdb778e07fb", size = 3610889, upload-time = "2025-08-22T10:33:28.169Z" },
    { url = "https://files.pythonhosted.org/packages/41/e2/22c86a990b51b44442b75c43ecb2f77b8daba8c4ba63696921966eac7022/lxml-6.0.1-cp312-cp312-win_amd64.whl", hash = "sha256:abb05a45394fd76bf4a60c1b7bec0e6d4e8dfc569fc0e0b1f634cd983a006ddc", size = 4010925, upload-time = "2025-08-22T10:33:29.874Z" },
    { url = "https://files.pythonhosted.org/packages/b2/21/dc0c73325e5eb94ef9c9d60dbb5dcdcb2e7114901ea9509735614a74e75a/lxml-6.0.1-cp312-cp312-win_arm64.whl", hash = "sha256:c4be29bce35020d8579d60aa0a4e95effd66fcfce31c46ffddf7e5422f73a299", size = 3671922, upload-time = "2025-08-22T10:33:31.535Z" },
    { url = "https://files.pythonhosted.org/packages/43/c4/cd757eeec4548e6652eff50b944079d18ce5f8182d2b2cf514e125e8fbcb/lxml-6.0.1-cp313-cp313-macosx_10_13_universal2.whl", hash = "sha256:485eda5d81bb7358db96a83546949c5fe7474bec6c68ef3fa1fb61a584b00eea", size = 8405139, upload-time = "2025-08-22T10:33:34.09Z" },
    { url = "https://files.pythonhosted.org/packages/ff/99/0290bb86a7403893f5e9658490c705fcea103b9191f2039752b071b4ef07/lxml-6.0.1-cp313-cp313-macosx_10_13_x86_64.whl", hash = "sha256:d12160adea318ce3d118f0b4fbdff7d1225c75fb7749429541b4d217b85c3f76", size = 4585954, upload-time = "2025-08-22T10:33:36.294Z" },
    { url = "https://files.pythonhosted.org/packages/88/a7/4bb54dd1e626342a0f7df6ec6ca44fdd5d0e100ace53acc00e9a689ead04/lxml-6.0.1-cp313-cp313-manylinux2014_aarch64.manylinux_2_17_aarch64.whl", hash = "sha256:48c8d335d8ab72f9265e7ba598ae5105a8272437403f4032107dbcb96d3f0b29", size = 4944052, upload-time = "2025-08-22T10:33:38.19Z" },
    { url = "https://files.pythonhosted.org/packages/71/8d/20f51cd07a7cbef6214675a8a5c62b2559a36d9303fe511645108887c458/lxml-6.0.1-cp313-cp313-manylinux2014_x86_64.manylinux_2_17_x86_64.whl", hash = "sha256:405e7cf9dbdbb52722c231e0f1257214202dfa192327fab3de45fd62e0554082", size = 5098885, upload-time = "2025-08-22T10:33:40.035Z" },
    { url = "https://files.pythonhosted.org/packages/5a/63/efceeee7245d45f97d548e48132258a36244d3c13c6e3ddbd04db95ff496/lxml-6.0.1-cp313-cp313-manylinux_2_26_aarch64.manylinux_2_28_aarch64.whl", hash = "sha256:299a790d403335a6a057ade46f92612ebab87b223e4e8c5308059f2dc36f45ed", size = 5017542, upload-time = "2025-08-22T10:33:41.896Z" },
    { url = "https://files.pythonhosted.org/packages/57/5d/92cb3d3499f5caba17f7933e6be3b6c7de767b715081863337ced42eb5f2/lxml-6.0.1-cp313-cp313-manylinux_2_26_i686.manylinux_2_28_i686.whl", hash = "sha256:48da704672f6f9c461e9a73250440c647638cc6ff9567ead4c3b1f189a604ee8", size = 5347303, upload-time = "2025-08-22T10:33:43.868Z" },
    { url = "https://files.pythonhosted.org/packages/69/f8/606fa16a05d7ef5e916c6481c634f40870db605caffed9d08b1a4fb6b989/lxml-6.0.1-cp313-cp313-manylinux_2_26_ppc64le.manylinux_2_28_ppc64le.whl", hash = "sha256:21e364e1bb731489e3f4d51db416f991a5d5da5d88184728d80ecfb0904b1d68", size = 5641055, upload-time = "2025-08-22T10:33:45.784Z" },
    { url = "https://files.pythonhosted.org/packages/b3/01/15d5fc74ebb49eac4e5df031fbc50713dcc081f4e0068ed963a510b7d457/lxml-6.0.1-cp313-cp313-manylinux_2_26_x86_64.manylinux_2_28_x86_64.whl", hash = "sha256:1bce45a2c32032afddbd84ed8ab092130649acb935536ef7a9559636ce7ffd4a", size = 5242719, upload-time = "2025-08-22T10:33:48.089Z" },
    { url = "https://files.pythonhosted.org/packages/42/a5/1b85e2aaaf8deaa67e04c33bddb41f8e73d07a077bf9db677cec7128bfb4/lxml-6.0.1-cp313-cp313-manylinux_2_31_armv7l.whl", hash = "sha256:fa164387ff20ab0e575fa909b11b92ff1481e6876835014e70280769920c4433", size = 4717310, upload-time = "2025-08-22T10:33:49.852Z" },
    { url = "https://files.pythonhosted.org/packages/42/23/f3bb1292f55a725814317172eeb296615db3becac8f1a059b53c51fc1da8/lxml-6.0.1-cp313-cp313-manylinux_2_38_riscv64.manylinux_2_39_riscv64.whl", hash = "sha256:7587ac5e000e1594e62278422c5783b34a82b22f27688b1074d71376424b73e8", size = 5254024, upload-time = "2025-08-22T10:33:52.22Z" },
    { url = "https://files.pythonhosted.org/packages/b4/be/4d768f581ccd0386d424bac615d9002d805df7cc8482ae07d529f60a3c1e/lxml-6.0.1-cp313-cp313-musllinux_1_2_aarch64.whl", hash = "sha256:57478424ac4c9170eabf540237125e8d30fad1940648924c058e7bc9fb9cf6dd", size = 5055335, upload-time = "2025-08-22T10:33:54.041Z" },
    { url = "https://files.pythonhosted.org/packages/40/07/ed61d1a3e77d1a9f856c4fab15ee5c09a2853fb7af13b866bb469a3a6d42/lxml-6.0.1-cp313-cp313-musllinux_1_2_armv7l.whl", hash = "sha256:09c74afc7786c10dd6afaa0be2e4805866beadc18f1d843cf517a7851151b499", size = 4784864, upload-time = "2025-08-22T10:33:56.382Z" },
    { url = "https://files.pythonhosted.org/packages/01/37/77e7971212e5c38a55431744f79dff27fd751771775165caea096d055ca4/lxml-6.0.1-cp313-cp313-musllinux_1_2_ppc64le.whl", hash = "sha256:7fd70681aeed83b196482d42a9b0dc5b13bab55668d09ad75ed26dff3be5a2f5", size = 5657173, upload-time = "2025-08-22T10:33:58.698Z" },
    { url = "https://files.pythonhosted.org/packages/32/a3/e98806d483941cd9061cc838b1169626acef7b2807261fbe5e382fcef881/lxml-6.0.1-cp313-cp313-musllinux_1_2_riscv64.whl", hash = "sha256:10a72e456319b030b3dd900df6b1f19d89adf06ebb688821636dc406788cf6ac", size = 5245896, upload-time = "2025-08-22T10:34:00.586Z" },
    { url = "https://files.pythonhosted.org/packages/07/de/9bb5a05e42e8623bf06b4638931ea8c8f5eb5a020fe31703abdbd2e83547/lxml-6.0.1-cp313-cp313-musllinux_1_2_x86_64.whl", hash = "sha256:b0fa45fb5f55111ce75b56c703843b36baaf65908f8b8d2fbbc0e249dbc127ed", size = 5267417, upload-time = "2025-08-22T10:34:02.719Z" },
    { url = "https://files.pythonhosted.org/packages/f2/43/c1cb2a7c67226266c463ef8a53b82d42607228beb763b5fbf4867e88a21f/lxml-6.0.1-cp313-cp313-win32.whl", hash = "sha256:01dab65641201e00c69338c9c2b8a0f2f484b6b3a22d10779bb417599fae32b5", size = 3610051, upload-time = "2025-08-22T10:34:04.553Z" },
    { url = "https://files.pythonhosted.org/packages/34/96/6a6c3b8aa480639c1a0b9b6faf2a63fb73ab79ffcd2a91cf28745faa22de/lxml-6.0.1-cp313-cp313-win_amd64.whl", hash = "sha256:bdf8f7c8502552d7bff9e4c98971910a0a59f60f88b5048f608d0a1a75e94d1c", size = 4009325, upload-time = "2025-08-22T10:34:06.24Z" },
    { url = "https://files.pythonhosted.org/packages/8c/66/622e8515121e1fd773e3738dae71b8df14b12006d9fb554ce90886689fd0/lxml-6.0.1-cp313-cp313-win_arm64.whl", hash = "sha256:a6aeca75959426b9fd8d4782c28723ba224fe07cfa9f26a141004210528dcbe2", size = 3670443, upload-time = "2025-08-22T10:34:07.974Z" },
    { url = "https://files.pythonhosted.org/packages/38/e3/b7eb612ce07abe766918a7e581ec6a0e5212352194001fd287c3ace945f0/lxml-6.0.1-cp314-cp314-macosx_10_13_universal2.whl", hash = "sha256:29b0e849ec7030e3ecb6112564c9f7ad6881e3b2375dd4a0c486c5c1f3a33859", size = 8426160, upload-time = "2025-08-22T10:34:10.154Z" },
    { url = "https://files.pythonhosted.org/packages/35/8f/ab3639a33595cf284fe733c6526da2ca3afbc5fd7f244ae67f3303cec654/lxml-6.0.1-cp314-cp314-macosx_10_13_x86_64.whl", hash = "sha256:02a0f7e629f73cc0be598c8b0611bf28ec3b948c549578a26111b01307fd4051", size = 4589288, upload-time = "2025-08-22T10:34:12.972Z" },
    { url = "https://files.pythonhosted.org/packages/2c/65/819d54f2e94d5c4458c1db8c1ccac9d05230b27c1038937d3d788eb406f9/lxml-6.0.1-cp314-cp314-manylinux2014_aarch64.manylinux_2_17_aarch64.whl", hash = "sha256:beab5e54de016e730875f612ba51e54c331e2fa6dc78ecf9a5415fc90d619348", size = 4964523, upload-time = "2025-08-22T10:34:15.474Z" },
    { url = "https://files.pythonhosted.org/packages/5b/4a/d4a74ce942e60025cdaa883c5a4478921a99ce8607fc3130f1e349a83b28/lxml-6.0.1-cp314-cp314-manylinux2014_x86_64.manylinux_2_17_x86_64.whl", hash = "sha256:92a08aefecd19ecc4ebf053c27789dd92c87821df2583a4337131cf181a1dffa", size = 5101108, upload-time = "2025-08-22T10:34:17.348Z" },
    { url = "https://files.pythonhosted.org/packages/cb/48/67f15461884074edd58af17b1827b983644d1fae83b3d909e9045a08b61e/lxml-6.0.1-cp314-cp314-manylinux_2_26_aarch64.manylinux_2_28_aarch64.whl", hash = "sha256:36c8fa7e177649470bc3dcf7eae6bee1e4984aaee496b9ccbf30e97ac4127fa2", size = 5053498, upload-time = "2025-08-22T10:34:19.232Z" },
    { url = "https://files.pythonhosted.org/packages/b6/d4/ec1bf1614828a5492f4af0b6a9ee2eb3e92440aea3ac4fa158e5228b772b/lxml-6.0.1-cp314-cp314-manylinux_2_26_i686.manylinux_2_28_i686.whl", hash = "sha256:5d08e0f1af6916267bb7eff21c09fa105620f07712424aaae09e8cb5dd4164d1", size = 5351057, upload-time = "2025-08-22T10:34:21.143Z" },
    { url = "https://files.pythonhosted.org/packages/65/2b/c85929dacac08821f2100cea3eb258ce5c8804a4e32b774f50ebd7592850/lxml-6.0.1-cp314-cp314-manylinux_2_26_ppc64le.manylinux_2_28_ppc64le.whl", hash = "sha256:9705cdfc05142f8c38c97a61bd3a29581ceceb973a014e302ee4a73cc6632476", size = 5671579, upload-time = "2025-08-22T10:34:23.528Z" },
    { url = "https://files.pythonhosted.org/packages/d0/36/cf544d75c269b9aad16752fd9f02d8e171c5a493ca225cb46bb7ba72868c/lxml-6.0.1-cp314-cp314-manylinux_2_26_x86_64.manylinux_2_28_x86_64.whl", hash = "sha256:74555e2da7c1636e30bff4e6e38d862a634cf020ffa591f1f63da96bf8b34772", size = 5250403, upload-time = "2025-08-22T10:34:25.642Z" },
    { url = "https://files.pythonhosted.org/packages/c2/e8/83dbc946ee598fd75fdeae6151a725ddeaab39bb321354a9468d4c9f44f3/lxml-6.0.1-cp314-cp314-manylinux_2_31_armv7l.whl", hash = "sha256:e38b5f94c5a2a5dadaddd50084098dfd005e5a2a56cd200aaf5e0a20e8941782", size = 4696712, upload-time = "2025-08-22T10:34:27.753Z" },
    { url = "https://files.pythonhosted.org/packages/f4/72/889c633b47c06205743ba935f4d1f5aa4eb7f0325d701ed2b0540df1b004/lxml-6.0.1-cp314-cp314-manylinux_2_38_riscv64.manylinux_2_39_riscv64.whl", hash = "sha256:a5ec101a92ddacb4791977acfc86c1afd624c032974bfb6a21269d1083c9bc49", size = 5268177, upload-time = "2025-08-22T10:34:29.804Z" },
    { url = "https://files.pythonhosted.org/packages/b0/b6/f42a21a1428479b66ea0da7bd13e370436aecaff0cfe93270c7e165bd2a4/lxml-6.0.1-cp314-cp314-musllinux_1_2_aarch64.whl", hash = "sha256:5c17e70c82fd777df586c12114bbe56e4e6f823a971814fd40dec9c0de518772", size = 5094648, upload-time = "2025-08-22T10:34:31.703Z" },
    { url = "https://files.pythonhosted.org/packages/51/b0/5f8c1e8890e2ee1c2053c2eadd1cb0e4b79e2304e2912385f6ca666f48b1/lxml-6.0.1-cp314-cp314-musllinux_1_2_armv7l.whl", hash = "sha256:45fdd0415a0c3d91640b5d7a650a8f37410966a2e9afebb35979d06166fd010e", size = 4745220, upload-time = "2025-08-22T10:34:33.595Z" },
    { url = "https://files.pythonhosted.org/packages/eb/f9/820b5125660dae489ca3a21a36d9da2e75dd6b5ffe922088f94bbff3b8a0/lxml-6.0.1-cp314-cp314-musllinux_1_2_ppc64le.whl", hash = "sha256:d417eba28981e720a14fcb98f95e44e7a772fe25982e584db38e5d3b6ee02e79", size = 5692913, upload-time = "2025-08-22T10:34:35.482Z" },
    { url = "https://files.pythonhosted.org/packages/23/8e/a557fae9eec236618aecf9ff35fec18df41b6556d825f3ad6017d9f6e878/lxml-6.0.1-cp314-cp314-musllinux_1_2_riscv64.whl", hash = "sha256:8e5d116b9e59be7934febb12c41cce2038491ec8fdb743aeacaaf36d6e7597e4", size = 5259816, upload-time = "2025-08-22T10:34:37.482Z" },
    { url = "https://files.pythonhosted.org/packages/fa/fd/b266cfaab81d93a539040be699b5854dd24c84e523a1711ee5f615aa7000/lxml-6.0.1-cp314-cp314-musllinux_1_2_x86_64.whl", hash = "sha256:c238f0d0d40fdcb695c439fe5787fa69d40f45789326b3bb6ef0d61c4b588d6e", size = 5276162, upload-time = "2025-08-22T10:34:39.507Z" },
    { url = "https://files.pythonhosted.org/packages/25/6c/6f9610fbf1de002048e80585ea4719591921a0316a8565968737d9f125ca/lxml-6.0.1-cp314-cp314-win32.whl", hash = "sha256:537b6cf1c5ab88cfd159195d412edb3e434fee880f206cbe68dff9c40e17a68a", size = 3669595, upload-time = "2025-08-22T10:34:41.783Z" },
    { url = "https://files.pythonhosted.org/packages/72/a5/506775e3988677db24dc75a7b03e04038e0b3d114ccd4bccea4ce0116c15/lxml-6.0.1-cp314-cp314-win_amd64.whl", hash = "sha256:911d0a2bb3ef3df55b3d97ab325a9ca7e438d5112c102b8495321105d25a441b", size = 4079818, upload-time = "2025-08-22T10:34:44.04Z" },
    { url = "https://files.pythonhosted.org/packages/0a/44/9613f300201b8700215856e5edd056d4e58dd23368699196b58877d4408b/lxml-6.0.1-cp314-cp314-win_arm64.whl", hash = "sha256:2834377b0145a471a654d699bdb3a2155312de492142ef5a1d426af2c60a0a31", size = 3753901, upload-time = "2025-08-22T10:34:45.799Z" },
]

[[package]]
name = "munch"
version = "4.0.0"
source = { registry = "https://pypi.org/simple" }
sdist = { url = "https://files.pythonhosted.org/packages/e7/2b/45098135b5f9f13221820d90f9e0516e11a2a0f55012c13b081d202b782a/munch-4.0.0.tar.gz", hash = "sha256:542cb151461263216a4e37c3fd9afc425feeaf38aaa3025cd2a981fadb422235", size = 19089, upload-time = "2023-07-01T09:49:35.98Z" }
wheels = [
    { url = "https://files.pythonhosted.org/packages/56/b3/7c69b37f03260a061883bec0e7b05be7117c1b1c85f5212c72c8c2bc3c8c/munch-4.0.0-py2.py3-none-any.whl", hash = "sha256:71033c45db9fb677a0b7eb517a4ce70ae09258490e419b0e7f00d1e386ecb1b4", size = 9950, upload-time = "2023-07-01T09:49:34.472Z" },
]

[[package]]
name = "pydantic"
version = "2.11.7"
source = { registry = "https://pypi.org/simple" }
dependencies = [
    { name = "annotated-types" },
    { name = "pydantic-core" },
    { name = "typing-extensions" },
    { name = "typing-inspection" },
]
sdist = { url = "https://files.pythonhosted.org/packages/00/dd/4325abf92c39ba8623b5af936ddb36ffcfe0beae70405d456ab1fb2f5b8c/pydantic-2.11.7.tar.gz", hash = "sha256:d989c3c6cb79469287b1569f7447a17848c998458d49ebe294e975b9baf0f0db", size = 788350, upload-time = "2025-06-14T08:33:17.137Z" }
wheels = [
    { url = "https://files.pythonhosted.org/packages/6a/c0/ec2b1c8712ca690e5d61979dee872603e92b8a32f94cc1b72d53beab008a/pydantic-2.11.7-py3-none-any.whl", hash = "sha256:dde5df002701f6de26248661f6835bbe296a47bf73990135c7d07ce741b9623b", size = 444782, upload-time = "2025-06-14T08:33:14.905Z" },
]

[[package]]
name = "pydantic-core"
version = "2.33.2"
source = { registry = "https://pypi.org/simple" }
dependencies = [
    { name = "typing-extensions" },
]
sdist = { url = "https://files.pythonhosted.org/packages/ad/88/5f2260bdfae97aabf98f1778d43f69574390ad787afb646292a638c923d4/pydantic_core-2.33.2.tar.gz", hash = "sha256:7cb8bc3605c29176e1b105350d2e6474142d7c1bd1d9327c4a9bdb46bf827acc", size = 435195, upload-time = "2025-04-23T18:33:52.104Z" }
wheels = [
    { url = "https://files.pythonhosted.org/packages/18/8a/2b41c97f554ec8c71f2a8a5f85cb56a8b0956addfe8b0efb5b3d77e8bdc3/pydantic_core-2.33.2-cp312-cp312-macosx_10_12_x86_64.whl", hash = "sha256:a7ec89dc587667f22b6a0b6579c249fca9026ce7c333fc142ba42411fa243cdc", size = 2009000, upload-time = "2025-04-23T18:31:25.863Z" },
    { url = "https://files.pythonhosted.org/packages/a1/02/6224312aacb3c8ecbaa959897af57181fb6cf3a3d7917fd44d0f2917e6f2/pydantic_core-2.33.2-cp312-cp312-macosx_11_0_arm64.whl", hash = "sha256:3c6db6e52c6d70aa0d00d45cdb9b40f0433b96380071ea80b09277dba021ddf7", size = 1847996, upload-time = "2025-04-23T18:31:27.341Z" },
    { url = "https://files.pythonhosted.org/packages/d6/46/6dcdf084a523dbe0a0be59d054734b86a981726f221f4562aed313dbcb49/pydantic_core-2.33.2-cp312-cp312-manylinux_2_17_aarch64.manylinux2014_aarch64.whl", hash = "sha256:4e61206137cbc65e6d5256e1166f88331d3b6238e082d9f74613b9b765fb9025", size = 1880957, upload-time = "2025-04-23T18:31:28.956Z" },
    { url = "https://files.pythonhosted.org/packages/ec/6b/1ec2c03837ac00886ba8160ce041ce4e325b41d06a034adbef11339ae422/pydantic_core-2.33.2-cp312-cp312-manylinux_2_17_armv7l.manylinux2014_armv7l.whl", hash = "sha256:eb8c529b2819c37140eb51b914153063d27ed88e3bdc31b71198a198e921e011", size = 1964199, upload-time = "2025-04-23T18:31:31.025Z" },
    { url = "https://files.pythonhosted.org/packages/2d/1d/6bf34d6adb9debd9136bd197ca72642203ce9aaaa85cfcbfcf20f9696e83/pydantic_core-2.33.2-cp312-cp312-manylinux_2_17_ppc64le.manylinux2014_ppc64le.whl", hash = "sha256:c52b02ad8b4e2cf14ca7b3d918f3eb0ee91e63b3167c32591e57c4317e134f8f", size = 2120296, upload-time = "2025-04-23T18:31:32.514Z" },
    { url = "https://files.pythonhosted.org/packages/e0/94/2bd0aaf5a591e974b32a9f7123f16637776c304471a0ab33cf263cf5591a/pydantic_core-2.33.2-cp312-cp312-manylinux_2_17_s390x.manylinux2014_s390x.whl", hash = "sha256:96081f1605125ba0855dfda83f6f3df5ec90c61195421ba72223de35ccfb2f88", size = 2676109, upload-time = "2025-04-23T18:31:33.958Z" },
    { url = "https://files.pythonhosted.org/packages/f9/41/4b043778cf9c4285d59742281a769eac371b9e47e35f98ad321349cc5d61/pydantic_core-2.33.2-cp312-cp312-manylinux_2_17_x86_64.manylinux2014_x86_64.whl", hash = "sha256:8f57a69461af2a5fa6e6bbd7a5f60d3b7e6cebb687f55106933188e79ad155c1", size = 2002028, upload-time = "2025-04-23T18:31:39.095Z" },
    { url = "https://files.pythonhosted.org/packages/cb/d5/7bb781bf2748ce3d03af04d5c969fa1308880e1dca35a9bd94e1a96a922e/pydantic_core-2.33.2-cp312-cp312-manylinux_2_5_i686.manylinux1_i686.whl", hash = "sha256:572c7e6c8bb4774d2ac88929e3d1f12bc45714ae5ee6d9a788a9fb35e60bb04b", size = 2100044, upload-time = "2025-04-23T18:31:41.034Z" },
    { url = "https://files.pythonhosted.org/packages/fe/36/def5e53e1eb0ad896785702a5bbfd25eed546cdcf4087ad285021a90ed53/pydantic_core-2.33.2-cp312-cp312-musllinux_1_1_aarch64.whl", hash = "sha256:db4b41f9bd95fbe5acd76d89920336ba96f03e149097365afe1cb092fceb89a1", size = 2058881, upload-time = "2025-04-23T18:31:42.757Z" },
    { url = "https://files.pythonhosted.org/packages/01/6c/57f8d70b2ee57fc3dc8b9610315949837fa8c11d86927b9bb044f8705419/pydantic_core-2.33.2-cp312-cp312-musllinux_1_1_armv7l.whl", hash = "sha256:fa854f5cf7e33842a892e5c73f45327760bc7bc516339fda888c75ae60edaeb6", size = 2227034, upload-time = "2025-04-23T18:31:44.304Z" },
    { url = "https://files.pythonhosted.org/packages/27/b9/9c17f0396a82b3d5cbea4c24d742083422639e7bb1d5bf600e12cb176a13/pydantic_core-2.33.2-cp312-cp312-musllinux_1_1_x86_64.whl", hash = "sha256:5f483cfb75ff703095c59e365360cb73e00185e01aaea067cd19acffd2ab20ea", size = 2234187, upload-time = "2025-04-23T18:31:45.891Z" },
    { url = "https://files.pythonhosted.org/packages/b0/6a/adf5734ffd52bf86d865093ad70b2ce543415e0e356f6cacabbc0d9ad910/pydantic_core-2.33.2-cp312-cp312-win32.whl", hash = "sha256:9cb1da0f5a471435a7bc7e439b8a728e8b61e59784b2af70d7c169f8dd8ae290", size = 1892628, upload-time = "2025-04-23T18:31:47.819Z" },
    { url = "https://files.pythonhosted.org/packages/43/e4/5479fecb3606c1368d496a825d8411e126133c41224c1e7238be58b87d7e/pydantic_core-2.33.2-cp312-cp312-win_amd64.whl", hash = "sha256:f941635f2a3d96b2973e867144fde513665c87f13fe0e193c158ac51bfaaa7b2", size = 1955866, upload-time = "2025-04-23T18:31:49.635Z" },
    { url = "https://files.pythonhosted.org/packages/0d/24/8b11e8b3e2be9dd82df4b11408a67c61bb4dc4f8e11b5b0fc888b38118b5/pydantic_core-2.33.2-cp312-cp312-win_arm64.whl", hash = "sha256:cca3868ddfaccfbc4bfb1d608e2ccaaebe0ae628e1416aeb9c4d88c001bb45ab", size = 1888894, upload-time = "2025-04-23T18:31:51.609Z" },
    { url = "https://files.pythonhosted.org/packages/46/8c/99040727b41f56616573a28771b1bfa08a3d3fe74d3d513f01251f79f172/pydantic_core-2.33.2-cp313-cp313-macosx_10_12_x86_64.whl", hash = "sha256:1082dd3e2d7109ad8b7da48e1d4710c8d06c253cbc4a27c1cff4fbcaa97a9e3f", size = 2015688, upload-time = "2025-04-23T18:31:53.175Z" },
    { url = "https://files.pythonhosted.org/packages/3a/cc/5999d1eb705a6cefc31f0b4a90e9f7fc400539b1a1030529700cc1b51838/pydantic_core-2.33.2-cp313-cp313-macosx_11_0_arm64.whl", hash = "sha256:f517ca031dfc037a9c07e748cefd8d96235088b83b4f4ba8939105d20fa1dcd6", size = 1844808, upload-time = "2025-04-23T18:31:54.79Z" },
    { url = "https://files.pythonhosted.org/packages/6f/5e/a0a7b8885c98889a18b6e376f344da1ef323d270b44edf8174d6bce4d622/pydantic_core-2.33.2-cp313-cp313-manylinux_2_17_aarch64.manylinux2014_aarch64.whl", hash = "sha256:0a9f2c9dd19656823cb8250b0724ee9c60a82f3cdf68a080979d13092a3b0fef", size = 1885580, upload-time = "2025-04-23T18:31:57.393Z" },
    { url = "https://files.pythonhosted.org/packages/3b/2a/953581f343c7d11a304581156618c3f592435523dd9d79865903272c256a/pydantic_core-2.33.2-cp313-cp313-manylinux_2_17_armv7l.manylinux2014_armv7l.whl", hash = "sha256:2b0a451c263b01acebe51895bfb0e1cc842a5c666efe06cdf13846c7418caa9a", size = 1973859, upload-time = "2025-04-23T18:31:59.065Z" },
    { url = "https://files.pythonhosted.org/packages/e6/55/f1a813904771c03a3f97f676c62cca0c0a4138654107c1b61f19c644868b/pydantic_core-2.33.2-cp313-cp313-manylinux_2_17_ppc64le.manylinux2014_ppc64le.whl", hash = "sha256:1ea40a64d23faa25e62a70ad163571c0b342b8bf66d5fa612ac0dec4f069d916", size = 2120810, upload-time = "2025-04-23T18:32:00.78Z" },
    { url = "https://files.pythonhosted.org/packages/aa/c3/053389835a996e18853ba107a63caae0b9deb4a276c6b472931ea9ae6e48/pydantic_core-2.33.2-cp313-cp313-manylinux_2_17_s390x.manylinux2014_s390x.whl", hash = "sha256:0fb2d542b4d66f9470e8065c5469ec676978d625a8b7a363f07d9a501a9cb36a", size = 2676498, upload-time = "2025-04-23T18:32:02.418Z" },
    { url = "https://files.pythonhosted.org/packages/eb/3c/f4abd740877a35abade05e437245b192f9d0ffb48bbbbd708df33d3cda37/pydantic_core-2.33.2-cp313-cp313-manylinux_2_17_x86_64.manylinux2014_x86_64.whl", hash = "sha256:9fdac5d6ffa1b5a83bca06ffe7583f5576555e6c8b3a91fbd25ea7780f825f7d", size = 2000611, upload-time = "2025-04-23T18:32:04.152Z" },
    { url = "https://files.pythonhosted.org/packages/59/a7/63ef2fed1837d1121a894d0ce88439fe3e3b3e48c7543b2a4479eb99c2bd/pydantic_core-2.33.2-cp313-cp313-manylinux_2_5_i686.manylinux1_i686.whl", hash = "sha256:04a1a413977ab517154eebb2d326da71638271477d6ad87a769102f7c2488c56", size = 2107924, upload-time = "2025-04-23T18:32:06.129Z" },
    { url = "https://files.pythonhosted.org/packages/04/8f/2551964ef045669801675f1cfc3b0d74147f4901c3ffa42be2ddb1f0efc4/pydantic_core-2.33.2-cp313-cp313-musllinux_1_1_aarch64.whl", hash = "sha256:c8e7af2f4e0194c22b5b37205bfb293d166a7344a5b0d0eaccebc376546d77d5", size = 2063196, upload-time = "2025-04-23T18:32:08.178Z" },
    { url = "https://files.pythonhosted.org/packages/26/bd/d9602777e77fc6dbb0c7db9ad356e9a985825547dce5ad1d30ee04903918/pydantic_core-2.33.2-cp313-cp313-musllinux_1_1_armv7l.whl", hash = "sha256:5c92edd15cd58b3c2d34873597a1e20f13094f59cf88068adb18947df5455b4e", size = 2236389, upload-time = "2025-04-23T18:32:10.242Z" },
    { url = "https://files.pythonhosted.org/packages/42/db/0e950daa7e2230423ab342ae918a794964b053bec24ba8af013fc7c94846/pydantic_core-2.33.2-cp313-cp313-musllinux_1_1_x86_64.whl", hash = "sha256:65132b7b4a1c0beded5e057324b7e16e10910c106d43675d9bd87d4f38dde162", size = 2239223, upload-time = "2025-04-23T18:32:12.382Z" },
    { url = "https://files.pythonhosted.org/packages/58/4d/4f937099c545a8a17eb52cb67fe0447fd9a373b348ccfa9a87f141eeb00f/pydantic_core-2.33.2-cp313-cp313-win32.whl", hash = "sha256:52fb90784e0a242bb96ec53f42196a17278855b0f31ac7c3cc6f5c1ec4811849", size = 1900473, upload-time = "2025-04-23T18:32:14.034Z" },
    { url = "https://files.pythonhosted.org/packages/a0/75/4a0a9bac998d78d889def5e4ef2b065acba8cae8c93696906c3a91f310ca/pydantic_core-2.33.2-cp313-cp313-win_amd64.whl", hash = "sha256:c083a3bdd5a93dfe480f1125926afcdbf2917ae714bdb80b36d34318b2bec5d9", size = 1955269, upload-time = "2025-04-23T18:32:15.783Z" },
    { url = "https://files.pythonhosted.org/packages/f9/86/1beda0576969592f1497b4ce8e7bc8cbdf614c352426271b1b10d5f0aa64/pydantic_core-2.33.2-cp313-cp313-win_arm64.whl", hash = "sha256:e80b087132752f6b3d714f041ccf74403799d3b23a72722ea2e6ba2e892555b9", size = 1893921, upload-time = "2025-04-23T18:32:18.473Z" },
    { url = "https://files.pythonhosted.org/packages/a4/7d/e09391c2eebeab681df2b74bfe6c43422fffede8dc74187b2b0bf6fd7571/pydantic_core-2.33.2-cp313-cp313t-macosx_11_0_arm64.whl", hash = "sha256:61c18fba8e5e9db3ab908620af374db0ac1baa69f0f32df4f61ae23f15e586ac", size = 1806162, upload-time = "2025-04-23T18:32:20.188Z" },
    { url = "https://files.pythonhosted.org/packages/f1/3d/847b6b1fed9f8ed3bb95a9ad04fbd0b212e832d4f0f50ff4d9ee5a9f15cf/pydantic_core-2.33.2-cp313-cp313t-manylinux_2_17_x86_64.manylinux2014_x86_64.whl", hash = "sha256:95237e53bb015f67b63c91af7518a62a8660376a6a0db19b89acc77a4d6199f5", size = 1981560, upload-time = "2025-04-23T18:32:22.354Z" },
    { url = "https://files.pythonhosted.org/packages/6f/9a/e73262f6c6656262b5fdd723ad90f518f579b7bc8622e43a942eec53c938/pydantic_core-2.33.2-cp313-cp313t-win_amd64.whl", hash = "sha256:c2fc0a768ef76c15ab9238afa6da7f69895bb5d1ee83aeea2e3509af4472d0b9", size = 1935777, upload-time = "2025-04-23T18:32:25.088Z" },
]

[[package]]
name = "pydot3k"
version = "1.0.17"
source = { registry = "https://pypi.org/simple" }
dependencies = [
    { name = "pyparsing" },
    { name = "setuptools" },
]
sdist = { url = "https://files.pythonhosted.org/packages/11/9a/4feb2cc88c5fcd458a5c83b9234d8d3ead5d4014ae8dfd8a96da86ffcd92/pydot3k-1.0.17.tar.gz", hash = "sha256:3931a30bc87383c9b2c89752f6beb0d3be5a8f1065211ec9ad61df1c79d656c7", size = 18364, upload-time = "2015-02-13T12:45:44.084Z" }

[[package]]
name = "pyparsing"
version = "3.2.3"
source = { registry = "https://pypi.org/simple" }
sdist = { url = "https://files.pythonhosted.org/packages/bb/22/f1129e69d94ffff626bdb5c835506b3a5b4f3d070f17ea295e12c2c6f60f/pyparsing-3.2.3.tar.gz", hash = "sha256:b9c13f1ab8b3b542f72e28f634bad4de758ab3ce4546e4301970ad6fa77c38be", size = 1088608, upload-time = "2025-03-25T05:01:28.114Z" }
wheels = [
    { url = "https://files.pythonhosted.org/packages/05/e7/df2285f3d08fee213f2d041540fa4fc9ca6c2d44cf36d3a035bf2a8d2bcc/pyparsing-3.2.3-py3-none-any.whl", hash = "sha256:a749938e02d6fd0b59b356ca504a24982314bb090c383e3cf201c95ef7e2bfcf", size = 111120, upload-time = "2025-03-25T05:01:24.908Z" },
]

[[package]]
name = "pyyaml"
version = "6.0.2"
source = { registry = "https://pypi.org/simple" }
sdist = { url = "https://files.pythonhosted.org/packages/54/ed/79a089b6be93607fa5cdaedf301d7dfb23af5f25c398d5ead2525b063e17/pyyaml-6.0.2.tar.gz", hash = "sha256:d584d9ec91ad65861cc08d42e834324ef890a082e591037abe114850ff7bbc3e", size = 130631, upload-time = "2024-08-06T20:33:50.674Z" }
wheels = [
    { url = "https://files.pythonhosted.org/packages/86/0c/c581167fc46d6d6d7ddcfb8c843a4de25bdd27e4466938109ca68492292c/PyYAML-6.0.2-cp312-cp312-macosx_10_9_x86_64.whl", hash = "sha256:c70c95198c015b85feafc136515252a261a84561b7b1d51e3384e0655ddf25ab", size = 183873, upload-time = "2024-08-06T20:32:25.131Z" },
    { url = "https://files.pythonhosted.org/packages/a8/0c/38374f5bb272c051e2a69281d71cba6fdb983413e6758b84482905e29a5d/PyYAML-6.0.2-cp312-cp312-macosx_11_0_arm64.whl", hash = "sha256:ce826d6ef20b1bc864f0a68340c8b3287705cae2f8b4b1d932177dcc76721725", size = 173302, upload-time = "2024-08-06T20:32:26.511Z" },
    { url = "https://files.pythonhosted.org/packages/c3/93/9916574aa8c00aa06bbac729972eb1071d002b8e158bd0e83a3b9a20a1f7/PyYAML-6.0.2-cp312-cp312-manylinux_2_17_aarch64.manylinux2014_aarch64.whl", hash = "sha256:1f71ea527786de97d1a0cc0eacd1defc0985dcf6b3f17bb77dcfc8c34bec4dc5", size = 739154, upload-time = "2024-08-06T20:32:28.363Z" },
    { url = "https://files.pythonhosted.org/packages/95/0f/b8938f1cbd09739c6da569d172531567dbcc9789e0029aa070856f123984/PyYAML-6.0.2-cp312-cp312-manylinux_2_17_s390x.manylinux2014_s390x.whl", hash = "sha256:9b22676e8097e9e22e36d6b7bda33190d0d400f345f23d4065d48f4ca7ae0425", size = 766223, upload-time = "2024-08-06T20:32:30.058Z" },
    { url = "https://files.pythonhosted.org/packages/b9/2b/614b4752f2e127db5cc206abc23a8c19678e92b23c3db30fc86ab731d3bd/PyYAML-6.0.2-cp312-cp312-manylinux_2_17_x86_64.manylinux2014_x86_64.whl", hash = "sha256:80bab7bfc629882493af4aa31a4cfa43a4c57c83813253626916b8c7ada83476", size = 767542, upload-time = "2024-08-06T20:32:31.881Z" },
    { url = "https://files.pythonhosted.org/packages/d4/00/dd137d5bcc7efea1836d6264f049359861cf548469d18da90cd8216cf05f/PyYAML-6.0.2-cp312-cp312-musllinux_1_1_aarch64.whl", hash = "sha256:0833f8694549e586547b576dcfaba4a6b55b9e96098b36cdc7ebefe667dfed48", size = 731164, upload-time = "2024-08-06T20:32:37.083Z" },
    { url = "https://files.pythonhosted.org/packages/c9/1f/4f998c900485e5c0ef43838363ba4a9723ac0ad73a9dc42068b12aaba4e4/PyYAML-6.0.2-cp312-cp312-musllinux_1_1_x86_64.whl", hash = "sha256:8b9c7197f7cb2738065c481a0461e50ad02f18c78cd75775628afb4d7137fb3b", size = 756611, upload-time = "2024-08-06T20:32:38.898Z" },
    { url = "https://files.pythonhosted.org/packages/df/d1/f5a275fdb252768b7a11ec63585bc38d0e87c9e05668a139fea92b80634c/PyYAML-6.0.2-cp312-cp312-win32.whl", hash = "sha256:ef6107725bd54b262d6dedcc2af448a266975032bc85ef0172c5f059da6325b4", size = 140591, upload-time = "2024-08-06T20:32:40.241Z" },
    { url = "https://files.pythonhosted.org/packages/0c/e8/4f648c598b17c3d06e8753d7d13d57542b30d56e6c2dedf9c331ae56312e/PyYAML-6.0.2-cp312-cp312-win_amd64.whl", hash = "sha256:7e7401d0de89a9a855c839bc697c079a4af81cf878373abd7dc625847d25cbd8", size = 156338, upload-time = "2024-08-06T20:32:41.93Z" },
    { url = "https://files.pythonhosted.org/packages/ef/e3/3af305b830494fa85d95f6d95ef7fa73f2ee1cc8ef5b495c7c3269fb835f/PyYAML-6.0.2-cp313-cp313-macosx_10_13_x86_64.whl", hash = "sha256:efdca5630322a10774e8e98e1af481aad470dd62c3170801852d752aa7a783ba", size = 181309, upload-time = "2024-08-06T20:32:43.4Z" },
    { url = "https://files.pythonhosted.org/packages/45/9f/3b1c20a0b7a3200524eb0076cc027a970d320bd3a6592873c85c92a08731/PyYAML-6.0.2-cp313-cp313-macosx_11_0_arm64.whl", hash = "sha256:50187695423ffe49e2deacb8cd10510bc361faac997de9efef88badc3bb9e2d1", size = 171679, upload-time = "2024-08-06T20:32:44.801Z" },
    { url = "https://files.pythonhosted.org/packages/7c/9a/337322f27005c33bcb656c655fa78325b730324c78620e8328ae28b64d0c/PyYAML-6.0.2-cp313-cp313-manylinux_2_17_aarch64.manylinux2014_aarch64.whl", hash = "sha256:0ffe8360bab4910ef1b9e87fb812d8bc0a308b0d0eef8c8f44e0254ab3b07133", size = 733428, upload-time = "2024-08-06T20:32:46.432Z" },
    { url = "https://files.pythonhosted.org/packages/a3/69/864fbe19e6c18ea3cc196cbe5d392175b4cf3d5d0ac1403ec3f2d237ebb5/PyYAML-6.0.2-cp313-cp313-manylinux_2_17_s390x.manylinux2014_s390x.whl", hash = "sha256:17e311b6c678207928d649faa7cb0d7b4c26a0ba73d41e99c4fff6b6c3276484", size = 763361, upload-time = "2024-08-06T20:32:51.188Z" },
    { url = "https://files.pythonhosted.org/packages/04/24/b7721e4845c2f162d26f50521b825fb061bc0a5afcf9a386840f23ea19fa/PyYAML-6.0.2-cp313-cp313-manylinux_2_17_x86_64.manylinux2014_x86_64.whl", hash = "sha256:70b189594dbe54f75ab3a1acec5f1e3faa7e8cf2f1e08d9b561cb41b845f69d5", size = 759523, upload-time = "2024-08-06T20:32:53.019Z" },
    { url = "https://files.pythonhosted.org/packages/2b/b2/e3234f59ba06559c6ff63c4e10baea10e5e7df868092bf9ab40e5b9c56b6/PyYAML-6.0.2-cp313-cp313-musllinux_1_1_aarch64.whl", hash = "sha256:41e4e3953a79407c794916fa277a82531dd93aad34e29c2a514c2c0c5fe971cc", size = 726660, upload-time = "2024-08-06T20:32:54.708Z" },
    { url = "https://files.pythonhosted.org/packages/fe/0f/25911a9f080464c59fab9027482f822b86bf0608957a5fcc6eaac85aa515/PyYAML-6.0.2-cp313-cp313-musllinux_1_1_x86_64.whl", hash = "sha256:68ccc6023a3400877818152ad9a1033e3db8625d899c72eacb5a668902e4d652", size = 751597, upload-time = "2024-08-06T20:32:56.985Z" },
    { url = "https://files.pythonhosted.org/packages/14/0d/e2c3b43bbce3cf6bd97c840b46088a3031085179e596d4929729d8d68270/PyYAML-6.0.2-cp313-cp313-win32.whl", hash = "sha256:bc2fa7c6b47d6bc618dd7fb02ef6fdedb1090ec036abab80d4681424b84c1183", size = 140527, upload-time = "2024-08-06T20:33:03.001Z" },
    { url = "https://files.pythonhosted.org/packages/fa/de/02b54f42487e3d3c6efb3f89428677074ca7bf43aae402517bc7cca949f3/PyYAML-6.0.2-cp313-cp313-win_amd64.whl", hash = "sha256:8388ee1976c416731879ac16da0aff3f63b286ffdd57cdeb95f3f2e085687563", size = 156446, upload-time = "2024-08-06T20:33:04.33Z" },
]

[[package]]
name = "setuptools"
version = "80.9.0"
source = { registry = "https://pypi.org/simple" }
sdist = { url = "https://files.pythonhosted.org/packages/18/5d/3bf57dcd21979b887f014ea83c24ae194cfcd12b9e0fda66b957c69d1fca/setuptools-80.9.0.tar.gz", hash = "sha256:f36b47402ecde768dbfafc46e8e4207b4360c654f1f3bb84475f0a28628fb19c", size = 1319958, upload-time = "2025-05-27T00:56:51.443Z" }
wheels = [
    { url = "https://files.pythonhosted.org/packages/a3/dc/17031897dae0efacfea57dfd3a82fdd2a2aeb58e0ff71b77b87e44edc772/setuptools-80.9.0-py3-none-any.whl", hash = "sha256:062d34222ad13e0cc312a4c02d73f059e86a4acbfbdea8f8f76b28c99f306922", size = 1201486, upload-time = "2025-05-27T00:56:49.664Z" },
]

[[package]]
name = "six"
version = "1.17.0"
source = { registry = "https://pypi.org/simple" }
sdist = { url = "https://files.pythonhosted.org/packages/94/e7/b2c673351809dca68a0e064b6af791aa332cf192da575fd474ed7d6f16a2/six-1.17.0.tar.gz", hash = "sha256:ff70335d468e7eb6ec65b95b99d3a2836546063f63acc5171de367e834932a81", size = 34031, upload-time = "2024-12-04T17:35:28.174Z" }
wheels = [
    { url = "https://files.pythonhosted.org/packages/b7/ce/149a00dd41f10bc29e5921b496af8b574d8413afcd5e30dfa0ed46c2cc5e/six-1.17.0-py2.py3-none-any.whl", hash = "sha256:4721f391ed90541fddacab5acf947aa0d3dc7d27b2e1e8eda2be8970586c3274", size = 11050, upload-time = "2024-12-04T17:35:26.475Z" },
]

[[package]]
name = "soupsieve"
version = "2.8"
source = { registry = "https://pypi.org/simple" }
sdist = { url = "https://files.pythonhosted.org/packages/6d/e6/21ccce3262dd4889aa3332e5a119a3491a95e8f60939870a3a035aabac0d/soupsieve-2.8.tar.gz", hash = "sha256:e2dd4a40a628cb5f28f6d4b0db8800b8f581b65bb380b97de22ba5ca8d72572f", size = 103472, upload-time = "2025-08-27T15:39:51.78Z" }
wheels = [
    { url = "https://files.pythonhosted.org/packages/14/a0/bb38d3b76b8cae341dad93a2dd83ab7462e6dbcdd84d43f54ee60a8dc167/soupsieve-2.8-py3-none-any.whl", hash = "sha256:0cc76456a30e20f5d7f2e14a98a4ae2ee4e5abdc7c5ea0aafe795f344bc7984c", size = 36679, upload-time = "2025-08-27T15:39:50.179Z" },
]

[[package]]
name = "tinynumpy"
version = "1.2.1"
source = { registry = "https://pypi.org/simple" }
sdist = { url = "https://files.pythonhosted.org/packages/26/2d/1679ecf77ff85ecfc392fd713388580dce5ac6c48fe467c9bf8b8314947c/tinynumpy-1.2.1.tar.gz", hash = "sha256:f4b867eaa6ecfaf594ee64a4d6969acb5bddb94bda0427598f7fadf57a6bb750", size = 16023, upload-time = "2016-01-12T04:12:16.312Z" }

[[package]]
name = "typing-extensions"
version = "4.15.0"
source = { registry = "https://pypi.org/simple" }
sdist = { url = "https://files.pythonhosted.org/packages/72/94/1a15dd82efb362ac84269196e94cf00f187f7ed21c242792a923cdb1c61f/typing_extensions-4.15.0.tar.gz", hash = "sha256:0cea48d173cc12fa28ecabc3b837ea3cf6f38c6d1136f85cbaaf598984861466", size = 109391, upload-time = "2025-08-25T13:49:26.313Z" }
wheels = [
    { url = "https://files.pythonhosted.org/packages/18/67/36e9267722cc04a6b9f15c7f3441c2363321a3ea07da7ae0c0707beb2a9c/typing_extensions-4.15.0-py3-none-any.whl", hash = "sha256:f0fa19c6845758ab08074a0cfa8b7aecb71c999ca73d62883bc25cc018c4e548", size = 44614, upload-time = "2025-08-25T13:49:24.86Z" },
]

[[package]]
name = "typing-inspection"
version = "0.4.1"
source = { registry = "https://pypi.org/simple" }
dependencies = [
    { name = "typing-extensions" },
]
sdist = { url = "https://files.pythonhosted.org/packages/f8/b1/0c11f5058406b3af7609f121aaa6b609744687f1d158b3c3a5bf4cc94238/typing_inspection-0.4.1.tar.gz", hash = "sha256:6ae134cc0203c33377d43188d4064e9b357dba58cff3185f22924610e70a9d28", size = 75726, upload-time = "2025-05-21T18:55:23.885Z" }
wheels = [
    { url = "https://files.pythonhosted.org/packages/17/69/cd203477f944c353c31bade965f880aa1061fd6bf05ded0726ca845b6ff7/typing_inspection-0.4.1-py3-none-any.whl", hash = "sha256:389055682238f53b04f7badcb49b989835495a96700ced5dab2d8feae4b26f51", size = 14552, upload-time = "2025-05-21T18:55:22.152Z" },
]

[[package]]
name = "win32-setctime"
version = "1.2.0"
source = { registry = "https://pypi.org/simple" }
sdist = { url = "https://files.pythonhosted.org/packages/b3/8f/705086c9d734d3b663af0e9bb3d4de6578d08f46b1b101c2442fd9aecaa2/win32_setctime-1.2.0.tar.gz", hash = "sha256:ae1fdf948f5640aae05c511ade119313fb6a30d7eabe25fef9764dca5873c4c0", size = 4867, upload-time = "2024-12-07T15:28:28.314Z" }
wheels = [
    { url = "https://files.pythonhosted.org/packages/e1/07/c6fe3ad3e685340704d314d765b7912993bcb8dc198f0e7a89382d37974b/win32_setctime-1.2.0-py3-none-any.whl", hash = "sha256:95d644c4e708aba81dc3704a116d8cbc974d70b3bdb8be1d150e36be6e9d1390", size = 4083, upload-time = "2024-12-07T15:28:26.465Z" },
]
